<Solution>
  <Folder Name="/src/">
    <Project Path="src/PMRost_Test.Application.Contracts/PMRost_Test.Application.Contracts.csproj" Id="d7d997c2-2bc9-4984-9f09-aee720770aca" />
    <Project Path="src/PMRost_Test.Common/PMRost_Test.Common.csproj" Id="22cff4a9-86ba-43f8-92c7-36c16fc5e407" />
    <Project Path="src/PMRost_Test.DAL.Migrations/PMRost_Test.DAL.Migrations.csproj" Id="a2c4627b-f69d-4b11-88df-4997e74a811c" />
    <Project Path="src/PMRost_Test.DAL.Mongo/PMRost_Test.DAL.Mongo.csproj" Id="b2215073-7aad-4f46-8de1-c4357d034ac6" />
    <Project Path="src/PMRost_Test.DAL.Repositories/PMRost_Test.DAL.Repositories.csproj" Id="f2182062-5747-4562-9de2-80d4f8e8afc0" />
    <Project Path="src/PMRost_Test.Domain.Primitives/PMRost_Test.Domain.Primitives.csproj" Id="251c6d4f-3caf-4cd5-abce-05d821805d57" />
    <Project Path="src/PMRost_Test.Domain/PMRost_Test.Domain.csproj" Id="2576ed42-ad43-4a38-b44a-e8605e52e107" />
    <Project Path="src/PMRost_Test.Features/PMRost_Test.Features.csproj" Id="4aff2a22-f0f4-4427-a6eb-e7080c3922d6" />
    <Project Path="src/PMRost_Test/PMRost_Test.csproj" />
  </Folder>
</Solution>
